
Microsoft Visual Studio Solution File, Format Version 12.00
# Visual Studio Version 16
VisualStudioVersion = 16.0.31410.357
MinimumVisualStudioVersion = 10.0.40219.1
Project("{FAE04EC0-301F-11D3-BF4B-00C04F79EFBC}") = "HGV.Quarterstaff", "src\HGV.Quarterstaff\HGV.Quarterstaff.csproj", "{9EF5F189-4C8C-4012-ACFF-21E192BED438}"
EndProject
Global
	GlobalSection(SolutionConfigurationPlatforms) = preSolution
		Debug|Any CPU = Debug|Any CPU
		Release|Any CPU = Release|Any CPU
	EndGlobalSection
	GlobalSection(ProjectConfigurationPlatforms) = postSolution
		{9EF5F189-4C8C-4012-ACFF-21E192BED438}.Debug|Any CPU.ActiveCfg = Debug|Any CPU
		{9EF5F189-4C8C-4012-ACFF-21E192BED438}.Debug|Any CPU.Build.0 = Debug|Any CPU
		{9EF5F189-4C8C-4012-ACFF-21E192BED438}.Release|Any CPU.ActiveCfg = Release|Any CPU
		{9EF5F189-4C8C-4012-ACFF-21E192BED438}.Release|Any CPU.Build.0 = Release|Any CPU
	EndGlobalSection
	GlobalSection(SolutionProperties) = preSolution
		HideSolutionNode = FALSE
	EndGlobalSection
	GlobalSection(ExtensibilityGlobals) = postSolution
		SolutionGuid = {AEB8B8E9-BAAF-498A-BA8B-04C65ADA3127}
	EndGlobalSection
EndGlobal
